
Microsoft Visual Studio Solution File, Format Version 12.00
# Visual Studio 15
VisualStudioVersion = 15.0.26403.0
MinimumVisualStudioVersion = 10.0.40219.1
Project("{FAE04EC0-301F-11D3-BF4B-00C04F79EFBC}") = "Rx.Services", "Rx.Services\Rx.Services.csproj", "{083DF176-A851-4B04-B66B-F0F9A9D46752}"
EndProject
Project("{FAE04EC0-301F-11D3-BF4B-00C04F79EFBC}") = "Rx.ConsoleApp", "Rx.ConsoleApp\Rx.ConsoleApp.csproj", "{9E9E6908-2E1D-4983-8BAC-0987E17488B2}"
EndProject
Project("{FAE04EC0-301F-11D3-BF4B-00C04F79EFBC}") = "Rx.Tests", "Rx.Tests\Rx.Tests.csproj", "{D6D330D6-4D47-4112-A2A4-EE24DCCB2BB8}"
EndProject
Project("{2150E333-8FDC-42A3-9474-1A3956D46DE8}") = "Solution Items", "Solution Items", "{E770A30D-F7F5-48E6-9323-B404A673BFB0}"
	ProjectSection(SolutionItems) = preProject
		Rx.pptx = Rx.pptx
	EndProjectSection
EndProject
Global
	GlobalSection(SolutionConfigurationPlatforms) = preSolution
		Debug|Any CPU = Debug|Any CPU
		Release|Any CPU = Release|Any CPU
	EndGlobalSection
	GlobalSection(ProjectConfigurationPlatforms) = postSolution
		{083DF176-A851-4B04-B66B-F0F9A9D46752}.Debug|Any CPU.ActiveCfg = Debug|Any CPU
		{083DF176-A851-4B04-B66B-F0F9A9D46752}.Debug|Any CPU.Build.0 = Debug|Any CPU
		{083DF176-A851-4B04-B66B-F0F9A9D46752}.Release|Any CPU.ActiveCfg = Release|Any CPU
		{083DF176-A851-4B04-B66B-F0F9A9D46752}.Release|Any CPU.Build.0 = Release|Any CPU
		{9E9E6908-2E1D-4983-8BAC-0987E17488B2}.Debug|Any CPU.ActiveCfg = Debug|Any CPU
		{9E9E6908-2E1D-4983-8BAC-0987E17488B2}.Debug|Any CPU.Build.0 = Debug|Any CPU
		{9E9E6908-2E1D-4983-8BAC-0987E17488B2}.Release|Any CPU.ActiveCfg = Release|Any CPU
		{9E9E6908-2E1D-4983-8BAC-0987E17488B2}.Release|Any CPU.Build.0 = Release|Any CPU
		{D6D330D6-4D47-4112-A2A4-EE24DCCB2BB8}.Debug|Any CPU.ActiveCfg = Debug|Any CPU
		{D6D330D6-4D47-4112-A2A4-EE24DCCB2BB8}.Debug|Any CPU.Build.0 = Debug|Any CPU
		{D6D330D6-4D47-4112-A2A4-EE24DCCB2BB8}.Release|Any CPU.ActiveCfg = Release|Any CPU
		{D6D330D6-4D47-4112-A2A4-EE24DCCB2BB8}.Release|Any CPU.Build.0 = Release|Any CPU
	EndGlobalSection
	GlobalSection(SolutionProperties) = preSolution
		HideSolutionNode = FALSE
	EndGlobalSection
EndGlobal
